
Microsoft Visual Studio Solution File, Format Version 12.00
# Visual Studio Version 17
VisualStudioVersion = 17.7.34202.233
MinimumVisualStudioVersion = 10.0.40219.1
Project("{9A19103F-16F7-4668-BE54-9A1E7A4F7556}") = "CharmsBarReloaded", "CharmsBarReloaded\CharmsBarReloaded.csproj", "{CAE63AE3-1BF5-4E42-A9F1-3498362943AD}"
EndProject
Project("{9A19103F-16F7-4668-BE54-9A1E7A4F7556}") = "CharmsBarReloaded.Config", "CharmsBarReloaded.Config\CharmsBarReloaded.Config.csproj", "{2ECC4E60-7E6E-4D89-B1B1-9577B1D8175B}"
EndProject
Project("{9A19103F-16F7-4668-BE54-9A1E7A4F7556}") = "CharmsBarReloaded.Logger", "CharmsBarReloaded.Logger\CharmsBarReloaded.Logger.csproj", "{0BD86628-F85E-46E8-861E-822B167E6B69}"
EndProject
Global
	GlobalSection(SolutionConfigurationPlatforms) = preSolution
		Debug|Any CPU = Debug|Any CPU
		Release|Any CPU = Release|Any CPU
	EndGlobalSection
	GlobalSection(ProjectConfigurationPlatforms) = postSolution
		{CAE63AE3-1BF5-4E42-A9F1-3498362943AD}.Debug|Any CPU.ActiveCfg = Debug|Any CPU
		{CAE63AE3-1BF5-4E42-A9F1-3498362943AD}.Debug|Any CPU.Build.0 = Debug|Any CPU
		{CAE63AE3-1BF5-4E42-A9F1-3498362943AD}.Release|Any CPU.ActiveCfg = Release|Any CPU
		{CAE63AE3-1BF5-4E42-A9F1-3498362943AD}.Release|Any CPU.Build.0 = Release|Any CPU
		{2ECC4E60-7E6E-4D89-B1B1-9577B1D8175B}.Debug|Any CPU.ActiveCfg = Debug|Any CPU
		{2ECC4E60-7E6E-4D89-B1B1-9577B1D8175B}.Debug|Any CPU.Build.0 = Debug|Any CPU
		{2ECC4E60-7E6E-4D89-B1B1-9577B1D8175B}.Release|Any CPU.ActiveCfg = Release|Any CPU
		{2ECC4E60-7E6E-4D89-B1B1-9577B1D8175B}.Release|Any CPU.Build.0 = Release|Any CPU
		{0BD86628-F85E-46E8-861E-822B167E6B69}.Debug|Any CPU.ActiveCfg = Debug|Any CPU
		{0BD86628-F85E-46E8-861E-822B167E6B69}.Debug|Any CPU.Build.0 = Debug|Any CPU
		{0BD86628-F85E-46E8-861E-822B167E6B69}.Release|Any CPU.ActiveCfg = Release|Any CPU
		{0BD86628-F85E-46E8-861E-822B167E6B69}.Release|Any CPU.Build.0 = Release|Any CPU
	EndGlobalSection
	GlobalSection(SolutionProperties) = preSolution
		HideSolutionNode = FALSE
	EndGlobalSection
	GlobalSection(ExtensibilityGlobals) = postSolution
		SolutionGuid = {93FC958A-858F-41D0-906D-8044DAC78A28}
	EndGlobalSection
EndGlobal
